
Microsoft Visual Studio Solution File, Format Version 12.00
# Visual Studio Version 17
VisualStudioVersion = 17.6.33829.357
MinimumVisualStudioVersion = 10.0.40219.1
Project("{FAE04EC0-301F-11D3-BF4B-00C04F79EFBC}") = "Template.Server", "Template\Server\Template.Server.csproj", "{CDB2A719-FBBB-47EF-8D6C-9C4A702EF0CB}"
EndProject
Project("{FAE04EC0-301F-11D3-BF4B-00C04F79EFBC}") = "Template.Client", "Template\Client\Template.Client.csproj", "{E6B5B5D5-8389-4E03-AC49-391893C2CCF9}"
EndProject
Project("{FAE04EC0-301F-11D3-BF4B-00C04F79EFBC}") = "Template.Shared", "Template\Shared\Template.Shared.csproj", "{DEB17481-2FC9-4CAF-8392-DFD74DA3610A}"
EndProject
Project("{FAE04EC0-301F-11D3-BF4B-00C04F79EFBC}") = "Template.SharedUI", "Template.SharedUI\Template.SharedUI.csproj", "{7D5543F8-CE2F-4CFE-B41E-70CD8EDBBE5E}"
EndProject
Global
	GlobalSection(SolutionConfigurationPlatforms) = preSolution
		Debug|Any CPU = Debug|Any CPU
		Release|Any CPU = Release|Any CPU
	EndGlobalSection
	GlobalSection(ProjectConfigurationPlatforms) = postSolution
		{CDB2A719-FBBB-47EF-8D6C-9C4A702EF0CB}.Debug|Any CPU.ActiveCfg = Debug|Any CPU
		{CDB2A719-FBBB-47EF-8D6C-9C4A702EF0CB}.Debug|Any CPU.Build.0 = Debug|Any CPU
		{CDB2A719-FBBB-47EF-8D6C-9C4A702EF0CB}.Release|Any CPU.ActiveCfg = Release|Any CPU
		{CDB2A719-FBBB-47EF-8D6C-9C4A702EF0CB}.Release|Any CPU.Build.0 = Release|Any CPU
		{E6B5B5D5-8389-4E03-AC49-391893C2CCF9}.Debug|Any CPU.ActiveCfg = Debug|Any CPU
		{E6B5B5D5-8389-4E03-AC49-391893C2CCF9}.Debug|Any CPU.Build.0 = Debug|Any CPU
		{E6B5B5D5-8389-4E03-AC49-391893C2CCF9}.Release|Any CPU.ActiveCfg = Release|Any CPU
		{E6B5B5D5-8389-4E03-AC49-391893C2CCF9}.Release|Any CPU.Build.0 = Release|Any CPU
		{DEB17481-2FC9-4CAF-8392-DFD74DA3610A}.Debug|Any CPU.ActiveCfg = Debug|Any CPU
		{DEB17481-2FC9-4CAF-8392-DFD74DA3610A}.Debug|Any CPU.Build.0 = Debug|Any CPU
		{DEB17481-2FC9-4CAF-8392-DFD74DA3610A}.Release|Any CPU.ActiveCfg = Release|Any CPU
		{DEB17481-2FC9-4CAF-8392-DFD74DA3610A}.Release|Any CPU.Build.0 = Release|Any CPU
		{7D5543F8-CE2F-4CFE-B41E-70CD8EDBBE5E}.Debug|Any CPU.ActiveCfg = Debug|Any CPU
		{7D5543F8-CE2F-4CFE-B41E-70CD8EDBBE5E}.Debug|Any CPU.Build.0 = Debug|Any CPU
		{7D5543F8-CE2F-4CFE-B41E-70CD8EDBBE5E}.Release|Any CPU.ActiveCfg = Release|Any CPU
		{7D5543F8-CE2F-4CFE-B41E-70CD8EDBBE5E}.Release|Any CPU.Build.0 = Release|Any CPU
	EndGlobalSection
	GlobalSection(SolutionProperties) = preSolution
		HideSolutionNode = FALSE
	EndGlobalSection
	GlobalSection(ExtensibilityGlobals) = postSolution
		SolutionGuid = {D214534C-7109-4839-A038-E4E2F0437320}
	EndGlobalSection
EndGlobal
